
Microsoft Visual Studio Solution File, Format Version 12.00
# Visual Studio Version 17
VisualStudioVersion = 17.9.34728.123
MinimumVisualStudioVersion = 10.0.40219.1
Project("{FAE04EC0-301F-11D3-BF4B-00C04F79EFBC}") = "ExamenP1", "ExamenP1\ExamenP1.csproj", "{C70268BB-6A19-4219-A755-CFF38800A8DA}"
EndProject
Global
	GlobalSection(SolutionConfigurationPlatforms) = preSolution
		Debug|Any CPU = Debug|Any CPU
		Release|Any CPU = Release|Any CPU
	EndGlobalSection
	GlobalSection(ProjectConfigurationPlatforms) = postSolution
		{C70268BB-6A19-4219-A755-CFF38800A8DA}.Debug|Any CPU.ActiveCfg = Debug|Any CPU
		{C70268BB-6A19-4219-A755-CFF38800A8DA}.Debug|Any CPU.Build.0 = Debug|Any CPU
		{C70268BB-6A19-4219-A755-CFF38800A8DA}.Release|Any CPU.ActiveCfg = Release|Any CPU
		{C70268BB-6A19-4219-A755-CFF38800A8DA}.Release|Any CPU.Build.0 = Release|Any CPU
	EndGlobalSection
	GlobalSection(SolutionProperties) = preSolution
		HideSolutionNode = FALSE
	EndGlobalSection
	GlobalSection(ExtensibilityGlobals) = postSolution
		SolutionGuid = {C34972F7-547E-4966-8A8D-C00F082266C6}
	EndGlobalSection
EndGlobal
